
Microsoft Visual Studio Solution File, Format Version 12.00
# Visual Studio Version 17
VisualStudioVersion = 17.13.35806.99 d17.13
MinimumVisualStudioVersion = 10.0.40219.1
Project("{C9674DCB-5085-4A16-B785-4C70DD1589BD}") = "datamarts", "datamarts\datamarts.dtproj", "{584D6A4A-349C-5DE8-C079-5C21153A8175}"
EndProject
Global
	GlobalSection(SolutionConfigurationPlatforms) = preSolution
		Development|Default = Development|Default
	EndGlobalSection
	GlobalSection(ProjectConfigurationPlatforms) = postSolution
		{584D6A4A-349C-5DE8-C079-5C21153A8175}.Development|Default.ActiveCfg = Development
		{584D6A4A-349C-5DE8-C079-5C21153A8175}.Development|Default.Build.0 = Development
	EndGlobalSection
	GlobalSection(SolutionProperties) = preSolution
		HideSolutionNode = FALSE
	EndGlobalSection
	GlobalSection(ExtensibilityGlobals) = postSolution
		SolutionGuid = {ABE78F7D-6B68-4811-BEF1-B55E85DD7A78}
	EndGlobalSection
EndGlobal
